
Microsoft Visual Studio Solution File, Format Version 12.00
# Visual Studio 2015
Project("{FAE04EC0-301F-11D3-BF4B-00C04F79EFBC}") = "Ninja Mountain.CSharp", "Ninja Mountain.CSharp.csproj", "{B0E172BF-9470-52B9-0B79-B07B8DB61256}"
EndProject
Global
	GlobalSection(SolutionConfigurationPlatforms) = preSolution
		Debug|Any CPU = Debug|Any CPU
		Release|Any CPU = Release|Any CPU
	EndGlobalSection
	GlobalSection(ProjectConfigurationPlatforms) = postSolution
		{B0E172BF-9470-52B9-0B79-B07B8DB61256}.Debug|Any CPU.ActiveCfg = Debug|Any CPU
		{B0E172BF-9470-52B9-0B79-B07B8DB61256}.Debug|Any CPU.Build.0 = Debug|Any CPU
		{B0E172BF-9470-52B9-0B79-B07B8DB61256}.Release|Any CPU.ActiveCfg = Release|Any CPU
		{B0E172BF-9470-52B9-0B79-B07B8DB61256}.Release|Any CPU.Build.0 = Release|Any CPU
	EndGlobalSection
	GlobalSection(SolutionProperties) = preSolution
		HideSolutionNode = FALSE
	EndGlobalSection
EndGlobal
